
Microsoft Visual Studio Solution File, Format Version 12.00
# Visual Studio Version 17
VisualStudioVersion = 17.13.35919.96
MinimumVisualStudioVersion = 10.0.40219.1
Project("{FAE04EC0-301F-11D3-BF4B-00C04F79EFBC}") = "FNF Launcher", "FNF Launcher.csproj", "{CE161B2C-9545-4039-9C4D-01AE2A290061}"
EndProject
Project("{FAE04EC0-301F-11D3-BF4B-00C04F79EFBC}") = "FNFLauncherInit", "..\FNFLauncherInit\FNFLauncherInit.csproj", "{7107A639-E134-4B8A-85D9-F8F9C59DD924}"
EndProject
Global
	GlobalSection(SolutionConfigurationPlatforms) = preSolution
		Debug|Any CPU = Debug|Any CPU
		Release|Any CPU = Release|Any CPU
	EndGlobalSection
	GlobalSection(ProjectConfigurationPlatforms) = postSolution
		{CE161B2C-9545-4039-9C4D-01AE2A290061}.Debug|Any CPU.ActiveCfg = Debug|Any CPU
		{CE161B2C-9545-4039-9C4D-01AE2A290061}.Debug|Any CPU.Build.0 = Debug|Any CPU
		{CE161B2C-9545-4039-9C4D-01AE2A290061}.Release|Any CPU.ActiveCfg = Release|Any CPU
		{CE161B2C-9545-4039-9C4D-01AE2A290061}.Release|Any CPU.Build.0 = Release|Any CPU
		{7107A639-E134-4B8A-85D9-F8F9C59DD924}.Debug|Any CPU.ActiveCfg = Debug|Any CPU
		{7107A639-E134-4B8A-85D9-F8F9C59DD924}.Debug|Any CPU.Build.0 = Debug|Any CPU
		{7107A639-E134-4B8A-85D9-F8F9C59DD924}.Release|Any CPU.ActiveCfg = Release|Any CPU
		{7107A639-E134-4B8A-85D9-F8F9C59DD924}.Release|Any CPU.Build.0 = Release|Any CPU
	EndGlobalSection
	GlobalSection(SolutionProperties) = preSolution
		HideSolutionNode = FALSE
	EndGlobalSection
	GlobalSection(ExtensibilityGlobals) = postSolution
		SolutionGuid = {E426DBDE-1F3C-4B75-A344-430B8959FCD3}
	EndGlobalSection
EndGlobal
